
Microsoft Visual Studio Solution File, Format Version 12.00
# Visual Studio Version 17
VisualStudioVersion = 17.5.33627.172
MinimumVisualStudioVersion = 10.0.40219.1
Project("{FAE04EC0-301F-11D3-BF4B-00C04F79EFBC}") = "LeadProcessor", "LeadProcessor.csproj", "{9ED3F6BD-478D-40DB-91F5-0F824F538F40}"
EndProject
Global
	GlobalSection(SolutionConfigurationPlatforms) = preSolution
		Debug|Any CPU = Debug|Any CPU
		Release|Any CPU = Release|Any CPU
	EndGlobalSection
	GlobalSection(ProjectConfigurationPlatforms) = postSolution
		{9ED3F6BD-478D-40DB-91F5-0F824F538F40}.Debug|Any CPU.ActiveCfg = Debug|Any CPU
		{9ED3F6BD-478D-40DB-91F5-0F824F538F40}.Debug|Any CPU.Build.0 = Debug|Any CPU
		{9ED3F6BD-478D-40DB-91F5-0F824F538F40}.Release|Any CPU.ActiveCfg = Release|Any CPU
		{9ED3F6BD-478D-40DB-91F5-0F824F538F40}.Release|Any CPU.Build.0 = Release|Any CPU
	EndGlobalSection
	GlobalSection(SolutionProperties) = preSolution
		HideSolutionNode = FALSE
	EndGlobalSection
	GlobalSection(ExtensibilityGlobals) = postSolution
		SolutionGuid = {602CFAAC-4950-4F48-9E58-7E8EF59982D5}
	EndGlobalSection
EndGlobal
